
Microsoft Visual Studio Solution File, Format Version 12.00
# Visual Studio Version 16
VisualStudioVersion = 16.0.29519.87
MinimumVisualStudioVersion = 10.0.40219.1
Project("{FAE04EC0-301F-11D3-BF4B-00C04F79EFBC}") = "LabRab1SAPRKS", "LabRab1SAPRKS\LabRab1SAPRKS.csproj", "{82D2F163-CB44-4419-87BD-2467E1EF6645}"
EndProject
Global
	GlobalSection(SolutionConfigurationPlatforms) = preSolution
		Debug|Any CPU = Debug|Any CPU
		Release|Any CPU = Release|Any CPU
	EndGlobalSection
	GlobalSection(ProjectConfigurationPlatforms) = postSolution
		{82D2F163-CB44-4419-87BD-2467E1EF6645}.Debug|Any CPU.ActiveCfg = Debug|Any CPU
		{82D2F163-CB44-4419-87BD-2467E1EF6645}.Debug|Any CPU.Build.0 = Debug|Any CPU
		{82D2F163-CB44-4419-87BD-2467E1EF6645}.Release|Any CPU.ActiveCfg = Release|Any CPU
		{82D2F163-CB44-4419-87BD-2467E1EF6645}.Release|Any CPU.Build.0 = Release|Any CPU
	EndGlobalSection
	GlobalSection(SolutionProperties) = preSolution
		HideSolutionNode = FALSE
	EndGlobalSection
	GlobalSection(ExtensibilityGlobals) = postSolution
		SolutionGuid = {2DE4896E-16D8-4155-8709-704E05593BF9}
	EndGlobalSection
EndGlobal
